
Microsoft Visual Studio Solution File, Format Version 12.00
# Visual Studio Version 17
VisualStudioVersion = 17.4.33205.214
MinimumVisualStudioVersion = 10.0.40219.1
Project("{FAE04EC0-301F-11D3-BF4B-00C04F79EFBC}") = "PasswordManager.Blazor.Server", "PasswordManager.Blazor\Server\PasswordManager.Blazor.Server.csproj", "{19BF12AF-0499-4317-808A-BAD4D5024035}"
EndProject
Project("{FAE04EC0-301F-11D3-BF4B-00C04F79EFBC}") = "PasswordManager.Blazor.Client", "PasswordManager.Blazor\Client\PasswordManager.Blazor.Client.csproj", "{3C885C3F-F9E9-4105-9819-C4D47D1FB8FD}"
EndProject
Project("{FAE04EC0-301F-11D3-BF4B-00C04F79EFBC}") = "PasswordManager.Blazor.Shared", "PasswordManager.Blazor\Shared\PasswordManager.Blazor.Shared.csproj", "{C4F669A5-6F52-4C55-AA8D-E0622440A78B}"
EndProject
Project("{FAE04EC0-301F-11D3-BF4B-00C04F79EFBC}") = "PasswordManager.Model", "PasswordManager.Model\PasswordManager.Model.csproj", "{643950F0-49BB-4392-9B4C-3DDB5A44CC56}"
EndProject
Project("{FAE04EC0-301F-11D3-BF4B-00C04F79EFBC}") = "PasswordManager.EF", "PasswordManager.EF\PasswordManager.EF.csproj", "{5DC1ED61-A95B-4E6C-96D6-C2B4BC982CA7}"
EndProject
Project("{FAE04EC0-301F-11D3-BF4B-00C04F79EFBC}") = "PasswordManager.Win", "PasswordManager.Win\PasswordManager.Win.csproj", "{8D646CC2-6179-410B-B415-4405E130DEA3}"
EndProject
Global
	GlobalSection(SolutionConfigurationPlatforms) = preSolution
		Debug|Any CPU = Debug|Any CPU
		Release|Any CPU = Release|Any CPU
	EndGlobalSection
	GlobalSection(ProjectConfigurationPlatforms) = postSolution
		{19BF12AF-0499-4317-808A-BAD4D5024035}.Debug|Any CPU.ActiveCfg = Debug|Any CPU
		{19BF12AF-0499-4317-808A-BAD4D5024035}.Debug|Any CPU.Build.0 = Debug|Any CPU
		{19BF12AF-0499-4317-808A-BAD4D5024035}.Release|Any CPU.ActiveCfg = Release|Any CPU
		{19BF12AF-0499-4317-808A-BAD4D5024035}.Release|Any CPU.Build.0 = Release|Any CPU
		{3C885C3F-F9E9-4105-9819-C4D47D1FB8FD}.Debug|Any CPU.ActiveCfg = Debug|Any CPU
		{3C885C3F-F9E9-4105-9819-C4D47D1FB8FD}.Debug|Any CPU.Build.0 = Debug|Any CPU
		{3C885C3F-F9E9-4105-9819-C4D47D1FB8FD}.Release|Any CPU.ActiveCfg = Release|Any CPU
		{3C885C3F-F9E9-4105-9819-C4D47D1FB8FD}.Release|Any CPU.Build.0 = Release|Any CPU
		{C4F669A5-6F52-4C55-AA8D-E0622440A78B}.Debug|Any CPU.ActiveCfg = Debug|Any CPU
		{C4F669A5-6F52-4C55-AA8D-E0622440A78B}.Debug|Any CPU.Build.0 = Debug|Any CPU
		{C4F669A5-6F52-4C55-AA8D-E0622440A78B}.Release|Any CPU.ActiveCfg = Release|Any CPU
		{C4F669A5-6F52-4C55-AA8D-E0622440A78B}.Release|Any CPU.Build.0 = Release|Any CPU
		{643950F0-49BB-4392-9B4C-3DDB5A44CC56}.Debug|Any CPU.ActiveCfg = Debug|Any CPU
		{643950F0-49BB-4392-9B4C-3DDB5A44CC56}.Debug|Any CPU.Build.0 = Debug|Any CPU
		{643950F0-49BB-4392-9B4C-3DDB5A44CC56}.Release|Any CPU.ActiveCfg = Release|Any CPU
		{643950F0-49BB-4392-9B4C-3DDB5A44CC56}.Release|Any CPU.Build.0 = Release|Any CPU
		{5DC1ED61-A95B-4E6C-96D6-C2B4BC982CA7}.Debug|Any CPU.ActiveCfg = Debug|Any CPU
		{5DC1ED61-A95B-4E6C-96D6-C2B4BC982CA7}.Debug|Any CPU.Build.0 = Debug|Any CPU
		{5DC1ED61-A95B-4E6C-96D6-C2B4BC982CA7}.Release|Any CPU.ActiveCfg = Release|Any CPU
		{5DC1ED61-A95B-4E6C-96D6-C2B4BC982CA7}.Release|Any CPU.Build.0 = Release|Any CPU
		{8D646CC2-6179-410B-B415-4405E130DEA3}.Debug|Any CPU.ActiveCfg = Debug|Any CPU
		{8D646CC2-6179-410B-B415-4405E130DEA3}.Debug|Any CPU.Build.0 = Debug|Any CPU
		{8D646CC2-6179-410B-B415-4405E130DEA3}.Release|Any CPU.ActiveCfg = Release|Any CPU
		{8D646CC2-6179-410B-B415-4405E130DEA3}.Release|Any CPU.Build.0 = Release|Any CPU
	EndGlobalSection
	GlobalSection(SolutionProperties) = preSolution
		HideSolutionNode = FALSE
	EndGlobalSection
	GlobalSection(ExtensibilityGlobals) = postSolution
		SolutionGuid = {2A65E94F-EA9A-4FC1-A0B9-A3D7824B1899}
	EndGlobalSection
EndGlobal
