
Microsoft Visual Studio Solution File, Format Version 12.00
# Visual Studio Version 17
VisualStudioVersion = 17.4.33205.214
MinimumVisualStudioVersion = 10.0.40219.1
Project("{FAE04EC0-301F-11D3-BF4B-00C04F79EFBC}") = "PasswordManager.Blazor.Server", "PasswordManager.Blazor\Server\PasswordManager.Blazor.Server.csproj", "{36CDB431-5819-46A6-834E-57B54435276C}"
EndProject
Project("{FAE04EC0-301F-11D3-BF4B-00C04F79EFBC}") = "PasswordManager.Blazor.Client", "PasswordManager.Blazor\Client\PasswordManager.Blazor.Client.csproj", "{9F012B84-8F8A-4836-84FF-E60964527C19}"
EndProject
Project("{FAE04EC0-301F-11D3-BF4B-00C04F79EFBC}") = "PasswordManager.Blazor.Shared", "PasswordManager.Blazor\Shared\PasswordManager.Blazor.Shared.csproj", "{D60B11CF-F7B5-4615-AE9B-6FB87185A4B9}"
EndProject
Project("{FAE04EC0-301F-11D3-BF4B-00C04F79EFBC}") = "PasswordManager.Model", "PasswordManager.Model\PasswordManager.Model.csproj", "{5F1A04D2-C02F-4E12-A1BE-371C59E0C305}"
EndProject
Project("{FAE04EC0-301F-11D3-BF4B-00C04F79EFBC}") = "PasswordManager.EF", "PasswordManager.EF\PasswordManager.EF.csproj", "{FAC4342B-77BB-4632-911D-71C03169CCD5}"
EndProject
Project("{FAE04EC0-301F-11D3-BF4B-00C04F79EFBC}") = "PasswordManager.Win", "PasswordManager.Win\PasswordManager.Win.csproj", "{55141EA8-D34F-4963-A35B-93D06B1C4CCC}"
EndProject
Global
	GlobalSection(SolutionConfigurationPlatforms) = preSolution
		Debug|Any CPU = Debug|Any CPU
		Release|Any CPU = Release|Any CPU
	EndGlobalSection
	GlobalSection(ProjectConfigurationPlatforms) = postSolution
		{36CDB431-5819-46A6-834E-57B54435276C}.Debug|Any CPU.ActiveCfg = Debug|Any CPU
		{36CDB431-5819-46A6-834E-57B54435276C}.Debug|Any CPU.Build.0 = Debug|Any CPU
		{36CDB431-5819-46A6-834E-57B54435276C}.Release|Any CPU.ActiveCfg = Release|Any CPU
		{36CDB431-5819-46A6-834E-57B54435276C}.Release|Any CPU.Build.0 = Release|Any CPU
		{9F012B84-8F8A-4836-84FF-E60964527C19}.Debug|Any CPU.ActiveCfg = Debug|Any CPU
		{9F012B84-8F8A-4836-84FF-E60964527C19}.Debug|Any CPU.Build.0 = Debug|Any CPU
		{9F012B84-8F8A-4836-84FF-E60964527C19}.Release|Any CPU.ActiveCfg = Release|Any CPU
		{9F012B84-8F8A-4836-84FF-E60964527C19}.Release|Any CPU.Build.0 = Release|Any CPU
		{D60B11CF-F7B5-4615-AE9B-6FB87185A4B9}.Debug|Any CPU.ActiveCfg = Debug|Any CPU
		{D60B11CF-F7B5-4615-AE9B-6FB87185A4B9}.Debug|Any CPU.Build.0 = Debug|Any CPU
		{D60B11CF-F7B5-4615-AE9B-6FB87185A4B9}.Release|Any CPU.ActiveCfg = Release|Any CPU
		{D60B11CF-F7B5-4615-AE9B-6FB87185A4B9}.Release|Any CPU.Build.0 = Release|Any CPU
		{5F1A04D2-C02F-4E12-A1BE-371C59E0C305}.Debug|Any CPU.ActiveCfg = Debug|Any CPU
		{5F1A04D2-C02F-4E12-A1BE-371C59E0C305}.Debug|Any CPU.Build.0 = Debug|Any CPU
		{5F1A04D2-C02F-4E12-A1BE-371C59E0C305}.Release|Any CPU.ActiveCfg = Release|Any CPU
		{5F1A04D2-C02F-4E12-A1BE-371C59E0C305}.Release|Any CPU.Build.0 = Release|Any CPU
		{FAC4342B-77BB-4632-911D-71C03169CCD5}.Debug|Any CPU.ActiveCfg = Debug|Any CPU
		{FAC4342B-77BB-4632-911D-71C03169CCD5}.Debug|Any CPU.Build.0 = Debug|Any CPU
		{FAC4342B-77BB-4632-911D-71C03169CCD5}.Release|Any CPU.ActiveCfg = Release|Any CPU
		{FAC4342B-77BB-4632-911D-71C03169CCD5}.Release|Any CPU.Build.0 = Release|Any CPU
		{55141EA8-D34F-4963-A35B-93D06B1C4CCC}.Debug|Any CPU.ActiveCfg = Debug|Any CPU
		{55141EA8-D34F-4963-A35B-93D06B1C4CCC}.Debug|Any CPU.Build.0 = Debug|Any CPU
		{55141EA8-D34F-4963-A35B-93D06B1C4CCC}.Release|Any CPU.ActiveCfg = Release|Any CPU
		{55141EA8-D34F-4963-A35B-93D06B1C4CCC}.Release|Any CPU.Build.0 = Release|Any CPU
	EndGlobalSection
	GlobalSection(SolutionProperties) = preSolution
		HideSolutionNode = FALSE
	EndGlobalSection
	GlobalSection(ExtensibilityGlobals) = postSolution
		SolutionGuid = {276D4926-D472-4E5E-9503-73E5BB248A62}
	EndGlobalSection
EndGlobal
